Microsoft Visual Studio Solution File, Format Version 11.00
# Visual Studio 2008

Project("{1D27F1A1-A02C-A6C4-BCE3-731D9C0F567A}") = "Group 14", "Assembly-CSharp.csproj", "{4AC798CB-F694-3514-BC28-10D5874A9CD9}"
EndProject
Global
	GlobalSection(SolutionConfigurationPlatforms) = preSolution
		Debug|Any CPU = Debug|Any CPU
		Release|Any CPU = Release|Any CPU
	EndGlobalSection
	GlobalSection(ProjectConfigurationPlatforms) = postSolution
		{4AC798CB-F694-3514-BC28-10D5874A9CD9}.Debug|Any CPU.ActiveCfg = Debug|Any CPU
		{4AC798CB-F694-3514-BC28-10D5874A9CD9}.Debug|Any CPU.Build.0 = Debug|Any CPU
		{4AC798CB-F694-3514-BC28-10D5874A9CD9}.Release|Any CPU.ActiveCfg = Release|Any CPU
		{4AC798CB-F694-3514-BC28-10D5874A9CD9}.Release|Any CPU.Build.0 = Release|Any CPU
	EndGlobalSection
	GlobalSection(SolutionProperties) = preSolution
		HideSolutionNode = FALSE
	EndGlobalSection
	GlobalSection(MonoDevelopProperties) = preSolution
		StartupItem = Assembly-CSharp.csproj
	EndGlobalSection
EndGlobal
