
Microsoft Visual Studio Solution File, Format Version 12.00
# Visual Studio 2015
Project("{FAE04EC0-301F-11D3-BF4B-00C04F79EFBC}") = "Group 14.CSharp.Plugins", "Group 14.CSharp.Plugins.csproj", "{5663B378-731A-5FAF-E42D-EB8D68923FCE}"
EndProject
Project("{FAE04EC0-301F-11D3-BF4B-00C04F79EFBC}") = "Group 14.CSharp", "Group 14.CSharp.csproj", "{73E24FA7-4C32-30DF-74FB-76E93372FA09}"
EndProject
Project("{FAE04EC0-301F-11D3-BF4B-00C04F79EFBC}") = "Group 14.CSharp.Editor", "Group 14.CSharp.Editor.csproj", "{7CC7C084-7E18-C7AE-F84F-B748D4625C10}"
EndProject
Global
	GlobalSection(SolutionConfigurationPlatforms) = preSolution
		Debug|Any CPU = Debug|Any CPU
		Release|Any CPU = Release|Any CPU
	EndGlobalSection
	GlobalSection(ProjectConfigurationPlatforms) = postSolution
		{5663B378-731A-5FAF-E42D-EB8D68923FCE}.Debug|Any CPU.ActiveCfg = Debug|Any CPU
		{5663B378-731A-5FAF-E42D-EB8D68923FCE}.Debug|Any CPU.Build.0 = Debug|Any CPU
		{5663B378-731A-5FAF-E42D-EB8D68923FCE}.Release|Any CPU.ActiveCfg = Release|Any CPU
		{5663B378-731A-5FAF-E42D-EB8D68923FCE}.Release|Any CPU.Build.0 = Release|Any CPU
		{73E24FA7-4C32-30DF-74FB-76E93372FA09}.Debug|Any CPU.ActiveCfg = Debug|Any CPU
		{73E24FA7-4C32-30DF-74FB-76E93372FA09}.Debug|Any CPU.Build.0 = Debug|Any CPU
		{73E24FA7-4C32-30DF-74FB-76E93372FA09}.Release|Any CPU.ActiveCfg = Release|Any CPU
		{73E24FA7-4C32-30DF-74FB-76E93372FA09}.Release|Any CPU.Build.0 = Release|Any CPU
		{7CC7C084-7E18-C7AE-F84F-B748D4625C10}.Debug|Any CPU.ActiveCfg = Debug|Any CPU
		{7CC7C084-7E18-C7AE-F84F-B748D4625C10}.Debug|Any CPU.Build.0 = Debug|Any CPU
		{7CC7C084-7E18-C7AE-F84F-B748D4625C10}.Release|Any CPU.ActiveCfg = Release|Any CPU
		{7CC7C084-7E18-C7AE-F84F-B748D4625C10}.Release|Any CPU.Build.0 = Release|Any CPU
	EndGlobalSection
	GlobalSection(SolutionProperties) = preSolution
		HideSolutionNode = FALSE
	EndGlobalSection
EndGlobal
